
Microsoft Visual Studio Solution File, Format Version 12.00
# Visual Studio 15
VisualStudioVersion = 15.0.27703.2000
MinimumVisualStudioVersion = 10.0.40219.1
Project("{D2ABAB84-BF74-430A-B69E-9DC6D40DDA17}") = "Analysis Project", "Analysis Project\Analysis Project.dwproj", "{3AA163BD-DC74-4E8B-98E2-EF74D392168D}"
EndProject
Global
	GlobalSection(SolutionConfigurationPlatforms) = preSolution
		Development|Default = Development|Default
	EndGlobalSection
	GlobalSection(ProjectConfigurationPlatforms) = postSolution
		{3AA163BD-DC74-4E8B-98E2-EF74D392168D}.Development|Default.ActiveCfg = Development
		{3AA163BD-DC74-4E8B-98E2-EF74D392168D}.Development|Default.Build.0 = Development
		{3AA163BD-DC74-4E8B-98E2-EF74D392168D}.Development|Default.Deploy.0 = Development
	EndGlobalSection
	GlobalSection(SolutionProperties) = preSolution
		HideSolutionNode = FALSE
	EndGlobalSection
	GlobalSection(ExtensibilityGlobals) = postSolution
		SolutionGuid = {9646CDA7-7107-446E-87DC-D6BCC768945F}
	EndGlobalSection
EndGlobal
