
Microsoft Visual Studio Solution File, Format Version 12.00
# Visual Studio 15
VisualStudioVersion = 15.0.27703.2000
MinimumVisualStudioVersion = 10.0.40219.1
Project("{D2ABAB84-BF74-430A-B69E-9DC6D40DDA17}") = "MultidimensionalProject1", "MultidimensionalProject1\MultidimensionalProject1.dwproj", "{9F0FCC9A-7DA5-47D2-A659-A642226E0CAA}"
EndProject
Global
	GlobalSection(SolutionConfigurationPlatforms) = preSolution
		Development|Default = Development|Default
	EndGlobalSection
	GlobalSection(ProjectConfigurationPlatforms) = postSolution
		{9F0FCC9A-7DA5-47D2-A659-A642226E0CAA}.Development|Default.ActiveCfg = Development
		{9F0FCC9A-7DA5-47D2-A659-A642226E0CAA}.Development|Default.Build.0 = Development
		{9F0FCC9A-7DA5-47D2-A659-A642226E0CAA}.Development|Default.Deploy.0 = Development
	EndGlobalSection
	GlobalSection(SolutionProperties) = preSolution
		HideSolutionNode = FALSE
	EndGlobalSection
	GlobalSection(ExtensibilityGlobals) = postSolution
		SolutionGuid = {471B2E94-7B24-4F09-B514-BA96499285F7}
	EndGlobalSection
EndGlobal
