
Microsoft Visual Studio Solution File, Format Version 12.00
# Visual Studio 15
VisualStudioVersion = 15.0.27703.2000
MinimumVisualStudioVersion = 10.0.40219.1
Project("{D2ABAB84-BF74-430A-B69E-9DC6D40DDA17}") = "AnalysisProject", "AnalysisProject\AnalysisProject.dwproj", "{26C3E044-4833-41D3-BDD5-65489E50A122}"
EndProject
Global
	GlobalSection(SolutionConfigurationPlatforms) = preSolution
		Development|Default = Development|Default
	EndGlobalSection
	GlobalSection(ProjectConfigurationPlatforms) = postSolution
		{26C3E044-4833-41D3-BDD5-65489E50A122}.Development|Default.ActiveCfg = Development
		{26C3E044-4833-41D3-BDD5-65489E50A122}.Development|Default.Build.0 = Development
		{26C3E044-4833-41D3-BDD5-65489E50A122}.Development|Default.Deploy.0 = Development
	EndGlobalSection
	GlobalSection(SolutionProperties) = preSolution
		HideSolutionNode = FALSE
	EndGlobalSection
	GlobalSection(ExtensibilityGlobals) = postSolution
		SolutionGuid = {8045AF9B-E297-4DA5-A65E-B1A034DB1496}
	EndGlobalSection
EndGlobal
